
Microsoft Visual Studio Solution File, Format Version 12.00
# Visual Studio Version 17
VisualStudioVersion = 17.1.32421.90
MinimumVisualStudioVersion = 10.0.40219.1
Project("{FAE04EC0-301F-11D3-BF4B-00C04F79EFBC}") = "WindowsFormsApp2", "WindowsFormsApp2\WindowsFormsApp2.csproj", "{B47F7F4D-5A62-4871-BA20-FBD2EDD71A1B}"
EndProject
Global
	GlobalSection(SolutionConfigurationPlatforms) = preSolution
		Debug|Any CPU = Debug|Any CPU
		Release|Any CPU = Release|Any CPU
	EndGlobalSection
	GlobalSection(ProjectConfigurationPlatforms) = postSolution
		{B47F7F4D-5A62-4871-BA20-FBD2EDD71A1B}.Debug|Any CPU.ActiveCfg = Debug|Any CPU
		{B47F7F4D-5A62-4871-BA20-FBD2EDD71A1B}.Debug|Any CPU.Build.0 = Debug|Any CPU
		{B47F7F4D-5A62-4871-BA20-FBD2EDD71A1B}.Release|Any CPU.ActiveCfg = Release|Any CPU
		{B47F7F4D-5A62-4871-BA20-FBD2EDD71A1B}.Release|Any CPU.Build.0 = Release|Any CPU
	EndGlobalSection
	GlobalSection(SolutionProperties) = preSolution
		HideSolutionNode = FALSE
	EndGlobalSection
	GlobalSection(ExtensibilityGlobals) = postSolution
		SolutionGuid = {90779826-6BF5-4F48-93B4-3F1AD7F8E38B}
	EndGlobalSection
EndGlobal
